{
  "name": "microsoft-list-extension",
  "version": "0.0.1",
  "lockfileVersion": 1,
  "requires": true,
  "dependencies": {
    "openweather-apis": {
      "version": "4.4.1",
      "resolved": "https://registry.npmjs.org/openweather-apis/-/openweather-apis-4.4.1.tgz",
      "integrity": "sha512-/t3IVSEwLFQN2xBdu4iAib9OifLzdAbea/OCokchZgvMOgwMEmr8g/pRz2HjuYQpHp6HWaiS2dMf5h48LJPGug=="
    }
  }
}
